
Microsoft Visual Studio Solution File, Format Version 12.00
# Visual Studio Version 17
VisualStudioVersion = 17.5.33530.505
MinimumVisualStudioVersion = 10.0.40219.1
Project("{FAE04EC0-301F-11D3-BF4B-00C04F79EFBC}") = "JwtApplication", "JwtApplication\JwtApplication.csproj", "{222528EC-47CC-4201-8D07-38BAA829A119}"
EndProject
Global
	GlobalSection(SolutionConfigurationPlatforms) = preSolution
		Debug|Any CPU = Debug|Any CPU
		Release|Any CPU = Release|Any CPU
	EndGlobalSection
	GlobalSection(ProjectConfigurationPlatforms) = postSolution
		{222528EC-47CC-4201-8D07-38BAA829A119}.Debug|Any CPU.ActiveCfg = Debug|Any CPU
		{222528EC-47CC-4201-8D07-38BAA829A119}.Debug|Any CPU.Build.0 = Debug|Any CPU
		{222528EC-47CC-4201-8D07-38BAA829A119}.Release|Any CPU.ActiveCfg = Release|Any CPU
		{222528EC-47CC-4201-8D07-38BAA829A119}.Release|Any CPU.Build.0 = Release|Any CPU
	EndGlobalSection
	GlobalSection(SolutionProperties) = preSolution
		HideSolutionNode = FALSE
	EndGlobalSection
	GlobalSection(ExtensibilityGlobals) = postSolution
		SolutionGuid = {E9B33C1E-C7F6-45CC-9E2D-A984C41EBEDF}
	EndGlobalSection
EndGlobal
